// !$*UTF8*$!
{
	archiveVersion = 1;
	classes = {
	};
	objectVersion = 51;
	objects = {

/* Begin PBXBuildFile section */
		8B6A16B42BF08F27DC146629 /* Pods_RxSearchGithub.framework in Frameworks */ = {isa = PBXBuildFile; fileRef = 688D96B0AF870782B2E1B851 /* Pods_RxSearchGithub.framework */; };
		D363DEAC24AF3F8800FBF072 /* screenshot1.png in Resources */ = {isa = PBXBuildFile; fileRef = D363DEAB24AF3F8800FBF072 /* screenshot1.png */; };
		D3C8888D24AC6CAC0090EADD /* AppDelegate.swift in Sources */ = {isa = PBXBuildFile; fileRef = D3C8888C24AC6CAC0090EADD /* AppDelegate.swift */; };
		D3C8888F24AC6CAC0090EADD /* SceneDelegate.swift in Sources */ = {isa = PBXBuildFile; fileRef = D3C8888E24AC6CAC0090EADD /* SceneDelegate.swift */; };
		D3C8889124AC6CAC0090EADD /* ViewController.swift in Sources */ = {isa = PBXBuildFile; fileRef = D3C8889024AC6CAC0090EADD /* ViewController.swift */; };
		D3C8889424AC6CAC0090EADD /* Main.storyboard in Resources */ = {isa = PBXBuildFile; fileRef = D3C8889224AC6CAC0090EADD /* Main.storyboard */; };
		D3C8889624AC6CAE0090EADD /* Assets.xcassets in Resources */ = {isa = PBXBuildFile; fileRef = D3C8889524AC6CAE0090EADD /* Assets.xcassets */; };
		D3C8889924AC6CAE0090EADD /* LaunchScreen.storyboard in Resources */ = {isa = PBXBuildFile; fileRef = D3C8889724AC6CAE0090EADD /* LaunchScreen.storyboard */; };
		D3C888A124AC6DA30090EADD /* SearchListTableViewCell.swift in Sources */ = {isa = PBXBuildFile; fileRef = D3C888A024AC6DA30090EADD /* SearchListTableViewCell.swift */; };
		D3C888A324AC6F440090EADD /* ViewModel.swift in Sources */ = {isa = PBXBuildFile; fileRef = D3C888A224AC6F440090EADD /* ViewModel.swift */; };
		D3C888A524AC6F750090EADD /* Repository.swift in Sources */ = {isa = PBXBuildFile; fileRef = D3C888A424AC6F750090EADD /* Repository.swift */; };
		D3C888A724AC76E30090EADD /* APIManager.swift in Sources */ = {isa = PBXBuildFile; fileRef = D3C888A624AC76E30090EADD /* APIManager.swift */; };
/* End PBXBuildFile section */

/* Begin PBXFileReference section */
		3271A9AD443C5C29F2F812F8 /* Pods-RxSearchGithub.release.xcconfig */ = {isa = PBXFileReference; includeInIndex = 1; lastKnownFileType = text.xcconfig; name = "Pods-RxSearchGithub.release.xcconfig"; path = "Target Support Files/Pods-RxSearchGithub/Pods-RxSearchGithub.release.xcconfig"; sourceTree = "<group>"; };
		688D96B0AF870782B2E1B851 /* Pods_RxSearchGithub.framework */ = {isa = PBXFileReference; explicitFileType = wrapper.framework; includeInIndex = 0; path = Pods_RxSearchGithub.framework; sourceTree = BUILT_PRODUCTS_DIR; };
		D363DEAB24AF3F8800FBF072 /* screenshot1.png */ = {isa = PBXFileReference; lastKnownFileType = image.png; path = screenshot1.png; sourceTree = "<group>"; };
		D3C8888924AC6CAC0090EADD /* RxSearchGithub.app */ = {isa = PBXFileReference; explicitFileType = wrapper.application; includeInIndex = 0; path = RxSearchGithub.app; sourceTree = BUILT_PRODUCTS_DIR; };
		D3C8888C24AC6CAC0090EADD /* AppDelegate.swift */ = {isa = PBXFileReference; lastKnownFileType = sourcecode.swift; path = AppDelegate.swift; sourceTree = "<group>"; };
		D3C8888E24AC6CAC0090EADD /* SceneDelegate.swift */ = {isa = PBXFileReference; lastKnownFileType = sourcecode.swift; path = SceneDelegate.swift; sourceTree = "<group>"; };
		D3C8889024AC6CAC0090EADD /* ViewController.swift */ = {isa = PBXFileReference; lastKnownFileType = sourcecode.swift; path = ViewController.swift; sourceTree = "<group>"; };
		D3C8889324AC6CAC0090EADD /* Base */ = {isa = PBXFileReference; lastKnownFileType = file.storyboard; name = Base; path = Base.lproj/Main.storyboard; sourceTree = "<group>"; };
		D3C8889524AC6CAE0090EADD /* Assets.xcassets */ = {isa = PBXFileReference; lastKnownFileType = folder.assetcatalog; path = Assets.xcassets; sourceTree = "<group>"; };
		D3C8889824AC6CAE0090EADD /* Base */ = {isa = PBXFileReference; lastKnownFileType = file.storyboard; name = Base; path = Base.lproj/LaunchScreen.storyboard; sourceTree = "<group>"; };
		D3C8889A24AC6CAE0090EADD /* Info.plist */ = {isa = PBXFileReference; lastKnownFileType = text.plist.xml; path = Info.plist; sourceTree = "<group>"; };
		D3C888A024AC6DA30090EADD /* SearchListTableViewCell.swift */ = {isa = PBXFileReference; lastKnownFileType = sourcecode.swift; path = SearchListTableViewCell.swift; sourceTree = "<group>"; };
		D3C888A224AC6F440090EADD /* ViewModel.swift */ = {isa = PBXFileReference; lastKnownFileType = sourcecode.swift; path = ViewModel.swift; sourceTree = "<group>"; };
		D3C888A424AC6F750090EADD /* Repository.swift */ = {isa = PBXFileReference; lastKnownFileType = sourcecode.swift; path = Repository.swift; sourceTree = "<group>"; };
		D3C888A624AC76E30090EADD /* APIManager.swift */ = {isa = PBXFileReference; lastKnownFileType = sourcecode.swift; path = APIManager.swift; sourceTree = "<group>"; };
		D83C3F010C5AFAE2A5A3F9D7 /* Pods-RxSearchGithub.debug.xcconfig */ = {isa = PBXFileReference; includeInIndex = 1; lastKnownFileType = text.xcconfig; name = "Pods-RxSearchGithub.debug.xcconfig"; path = "Target Support Files/Pods-RxSearchGithub/Pods-RxSearchGithub.debug.xcconfig"; sourceTree = "<group>"; };
/* End PBXFileReference section */

/* Begin PBXFrameworksBuildPhase section */
		D3C8888624AC6CAC0090EADD /* Frameworks */ = {
			isa = PBXFrameworksBuildPhase;
			buildActionMask = 2147483647;
			files = (
				8B6A16B42BF08F27DC146629 /* Pods_RxSearchGithub.framework in Frameworks */,
			);
			runOnlyForDeploymentPostprocessing = 0;
		};
/* End PBXFrameworksBuildPhase section */

/* Begin PBXGroup section */
		682EA132E70A9C353457EABA /* Frameworks */ = {
			isa = PBXGroup;
			children = (
				688D96B0AF870782B2E1B851 /* Pods_RxSearchGithub.framework */,
			);
			name = Frameworks;
			sourceTree = "<group>";
		};
		D363DEA524AF3B3100FBF072 /* Controller */ = {
			isa = PBXGroup;
			children = (
				D3C8889024AC6CAC0090EADD /* ViewController.swift */,
				D363DEA924AF3B7C00FBF072 /* Cell */,
			);
			path = Controller;
			sourceTree = "<group>";
		};
		D363DEA624AF3B3B00FBF072 /* ViewModel */ = {
			isa = PBXGroup;
			children = (
				D3C888A224AC6F440090EADD /* ViewModel.swift */,
			);
			path = ViewModel;
			sourceTree = "<group>";
		};
		D363DEA724AF3B4A00FBF072 /* Model */ = {
			isa = PBXGroup;
			children = (
				D3C888A424AC6F750090EADD /* Repository.swift */,
			);
			path = Model;
			sourceTree = "<group>";
		};
		D363DEA824AF3B5000FBF072 /* Network */ = {
			isa = PBXGroup;
			children = (
				D3C888A624AC76E30090EADD /* APIManager.swift */,
			);
			path = Network;
			sourceTree = "<group>";
		};
		D363DEA924AF3B7C00FBF072 /* Cell */ = {
			isa = PBXGroup;
			children = (
				D3C888A024AC6DA30090EADD /* SearchListTableViewCell.swift */,
			);
			path = Cell;
			sourceTree = "<group>";
		};
		D363DEAA24AF3F4E00FBF072 /* ScreenShot */ = {
			isa = PBXGroup;
			children = (
				D363DEAB24AF3F8800FBF072 /* screenshot1.png */,
			);
			path = ScreenShot;
			sourceTree = "<group>";
		};
		D3C8888024AC6CAC0090EADD = {
			isa = PBXGroup;
			children = (
				D363DEAA24AF3F4E00FBF072 /* ScreenShot */,
				D3C8888B24AC6CAC0090EADD /* RxSearchGithub */,
				D3C8888A24AC6CAC0090EADD /* Products */,
				FEB4022BAAA1E9E33A57D437 /* Pods */,
				682EA132E70A9C353457EABA /* Frameworks */,
			);
			sourceTree = "<group>";
		};
		D3C8888A24AC6CAC0090EADD /* Products */ = {
			isa = PBXGroup;
			children = (
				D3C8888924AC6CAC0090EADD /* RxSearchGithub.app */,
			);
			name = Products;
			sourceTree = "<group>";
		};
		D3C8888B24AC6CAC0090EADD /* RxSearchGithub */ = {
			isa = PBXGroup;
			children = (
				D3C8888C24AC6CAC0090EADD /* AppDelegate.swift */,
				D3C8888E24AC6CAC0090EADD /* SceneDelegate.swift */,
				D363DEA524AF3B3100FBF072 /* Controller */,
				D363DEA624AF3B3B00FBF072 /* ViewModel */,
				D363DEA724AF3B4A00FBF072 /* Model */,
				D363DEA824AF3B5000FBF072 /* Network */,
				D3C8889224AC6CAC0090EADD /* Main.storyboard */,
				D3C8889524AC6CAE0090EADD /* Assets.xcassets */,
				D3C8889724AC6CAE0090EADD /* LaunchScreen.storyboard */,
				D3C8889A24AC6CAE0090EADD /* Info.plist */,
			);
			path = RxSearchGithub;
			sourceTree = "<group>";
		};
		FEB4022BAAA1E9E33A57D437 /* Pods */ = {
			isa = PBXGroup;
			children = (
				D83C3F010C5AFAE2A5A3F9D7 /* Pods-RxSearchGithub.debug.xcconfig */,
				3271A9AD443C5C29F2F812F8 /* Pods-RxSearchGithub.release.xcconfig */,
			);
			path = Pods;
			sourceTree = "<group>";
		};
/* End PBXGroup section */

/* Begin PBXNativeTarget section */
		D3C8888824AC6CAC0090EADD /* RxSearchGithub */ = {
			isa = PBXNativeTarget;
			buildConfigurationList = D3C8889D24AC6CAE0090EADD /* Build configuration list for PBXNativeTarget "RxSearchGithub" */;
			buildPhases = (
				BF575C14C8541B124FA91CCC /* [CP] Check Pods Manifest.lock */,
				D3C8888524AC6CAC0090EADD /* Sources */,
				D3C8888624AC6CAC0090EADD /* Frameworks */,
				D3C8888724AC6CAC0090EADD /* Resources */,
				26C19C4B13299B807E1EB5E2 /* [CP] Embed Pods Frameworks */,
			);
			buildRules = (
			);
			dependencies = (
			);
			name = RxSearchGithub;
			productName = RxSearchGithub;
			productReference = D3C8888924AC6CAC0090EADD /* RxSearchGithub.app */;
			productType = "com.apple.product-type.application";
		};
/* End PBXNativeTarget section */

/* Begin PBXProject section */
		D3C8888124AC6CAC0090EADD /* Project object */ = {
			isa = PBXProject;
			attributes = {
				LastSwiftUpdateCheck = 1150;
				LastUpgradeCheck = 1150;
				ORGANIZATIONNAME = sangbeomLee;
				TargetAttributes = {
					D3C8888824AC6CAC0090EADD = {
						CreatedOnToolsVersion = 11.5;
					};
				};
			};
			buildConfigurationList = D3C8888424AC6CAC0090EADD /* Build configuration list for PBXProject "RxSearchGithub" */;
			compatibilityVersion = "Xcode 9.3";
			developmentRegion = en;
			hasScannedForEncodings = 0;
			knownRegions = (
				en,
				Base,
			);
			mainGroup = D3C8888024AC6CAC0090EADD;
			productRefGroup = D3C8888A24AC6CAC0090EADD /* Products */;
			projectDirPath = "";
			projectRoot = "";
			targets = (
				D3C8888824AC6CAC0090EADD /* RxSearchGithub */,
			);
		};
/* End PBXProject section */

/* Begin PBXResourcesBuildPhase section */
		D3C8888724AC6CAC0090EADD /* Resources */ = {
			isa = PBXResourcesBuildPhase;
			buildActionMask = 2147483647;
			files = (
				D3C8889924AC6CAE0090EADD /* LaunchScreen.storyboard in Resources */,
				D363DEAC24AF3F8800FBF072 /* screenshot1.png in Resources */,
				D3C8889624AC6CAE0090EADD /* Assets.xcassets in Resources */,
				D3C8889424AC6CAC0090EADD /* Main.storyboard in Resources */,
			);
			runOnlyForDeploymentPostprocessing = 0;
		};
/* End PBXResourcesBuildPhase section */

/* Begin PBXShellScriptBuildPhase section */
		26C19C4B13299B807E1EB5E2 /* [CP] Embed Pods Frameworks */ = {
			isa = PBXShellScriptBuildPhase;
			buildActionMask = 2147483647;
			files = (
			);
			inputFileListPaths = (
				"${PODS_ROOT}/Target Support Files/Pods-RxSearchGithub/Pods-RxSearchGithub-frameworks-${CONFIGURATION}-input-files.xcfilelist",
			);
			name = "[CP] Embed Pods Frameworks";
			outputFileListPaths = (
				"${PODS_ROOT}/Target Support Files/Pods-RxSearchGithub/Pods-RxSearchGithub-frameworks-${CONFIGURATION}-output-files.xcfilelist",
			);
			runOnlyForDeploymentPostprocessing = 0;
			shellPath = /bin/sh;
			shellScript = "\"${PODS_ROOT}/Target Support Files/Pods-RxSearchGithub/Pods-RxSearchGithub-frameworks.sh\"\n";
			showEnvVarsInLog = 0;
		};
		BF575C14C8541B124FA91CCC /* [CP] Check Pods Manifest.lock */ = {
			isa = PBXShellScriptBuildPhase;
			buildActionMask = 2147483647;
			files = (
			);
			inputFileListPaths = (
			);
			inputPaths = (
				"${PODS_PODFILE_DIR_PATH}/Podfile.lock",
				"${PODS_ROOT}/Manifest.lock",
			);
			name = "[CP] Check Pods Manifest.lock";
			outputFileListPaths = (
			);
			outputPaths = (
				"$(DERIVED_FILE_DIR)/Pods-RxSearchGithub-checkManifestLockResult.txt",
			);
			runOnlyForDeploymentPostprocessing = 0;
			shellPath = /bin/sh;
			shellScript = "diff \"${PODS_PODFILE_DIR_PATH}/Podfile.lock\" \"${PODS_ROOT}/Manifest.lock\" > /dev/null\nif [ $? != 0 ] ; then\n    # print error to STDERR\n    echo \"error: The sandbox is not in sync with the Podfile.lock. Run 'pod install' or update your CocoaPods installation.\" >&2\n    exit 1\nfi\n# This output is used by Xcode 'outputs' to avoid re-running this script phase.\necho \"SUCCESS\" > \"${SCRIPT_OUTPUT_FILE_0}\"\n";
			showEnvVarsInLog = 0;
		};
/* End PBXShellScriptBuildPhase section */

/* Begin PBXSourcesBuildPhase section */
		D3C8888524AC6CAC0090EADD /* Sources */ = {
			isa = PBXSourcesBuildPhase;
			buildActionMask = 2147483647;
			files = (
				D3C888A324AC6F440090EADD /* ViewModel.swift in Sources */,
				D3C8889124AC6CAC0090EADD /* ViewController.swift in Sources */,
				D3C888A124AC6DA30090EADD /* SearchListTableViewCell.swift in Sources */,
				D3C8888D24AC6CAC0090EADD /* AppDelegate.swift in Sources */,
				D3C8888F24AC6CAC0090EADD /* SceneDelegate.swift in Sources */,
				D3C888A524AC6F750090EADD /* Repository.swift in Sources */,
				D3C888A724AC76E30090EADD /* APIManager.swift in Sources */,
			);
			runOnlyForDeploymentPostprocessing = 0;
		};
/* End PBXSourcesBuildPhase section */

/* Begin PBXVariantGroup section */
		D3C8889224AC6CAC0090EADD /* Main.storyboard */ = {
			isa = PBXVariantGroup;
			children = (
				D3C8889324AC6CAC0090EADD /* Base */,
			);
			name = Main.storyboard;
			sourceTree = "<group>";
		};
		D3C8889724AC6CAE0090EADD /* LaunchScreen.storyboard */ = {
			isa = PBXVariantGroup;
			children = (
				D3C8889824AC6CAE0090EADD /* Base */,
			);
			name = LaunchScreen.storyboard;
			sourceTree = "<group>";
		};
/* End PBXVariantGroup section */

/* Begin XCBuildConfiguration section */
		D3C8889B24AC6CAE0090EADD /* Debug */ = {
			isa = XCBuildConfiguration;
			buildSettings = {
				ALWAYS_SEARCH_USER_PATHS = NO;
				CLANG_ANALYZER_NONNULL = YES;
				CLANG_ANALYZER_NUMBER_OBJECT_CONVERSION = YES_AGGRESSIVE;
				CLANG_CXX_LANGUAGE_STANDARD = "gnu++14";
				CLANG_CXX_LIBRARY = "libc++";
				CLANG_ENABLE_MODULES = YES;
				CLANG_ENABLE_OBJC_ARC = YES;
				CLANG_ENABLE_OBJC_WEAK = YES;
				CLANG_WARN_BLOCK_CAPTURE_AUTORELEASING = YES;
				CLANG_WARN_BOOL_CONVERSION = YES;
				CLANG_WARN_COMMA = YES;
				CLANG_WARN_CONSTANT_CONVERSION = YES;
				CLANG_WARN_DEPRECATED_OBJC_IMPLEMENTATIONS = YES;
				CLANG_WARN_DIRECT_OBJC_ISA_USAGE = YES_ERROR;
				CLANG_WARN_DOCUMENTATION_COMMENTS = YES;
				CLANG_WARN_EMPTY_BODY = YES;
				CLANG_WARN_ENUM_CONVERSION = YES;
				CLANG_WARN_INFINITE_RECURSION = YES;
				CLANG_WARN_INT_CONVERSION = YES;
				CLANG_WARN_NON_LITERAL_NULL_CONVERSION = YES;
				CLANG_WARN_OBJC_IMPLICIT_RETAIN_SELF = YES;
				CLANG_WARN_OBJC_LITERAL_CONVERSION = YES;
				CLANG_WARN_OBJC_ROOT_CLASS = YES_ERROR;
				CLANG_WARN_RANGE_LOOP_ANALYSIS = YES;
				CLANG_WARN_STRICT_PROTOTYPES = YES;
				CLANG_WARN_SUSPICIOUS_MOVE = YES;
				CLANG_WARN_UNGUARDED_AVAILABILITY = YES_AGGRESSIVE;
				CLANG_WARN_UNREACHABLE_CODE = YES;
				CLANG_WARN__DUPLICATE_METHOD_MATCH = YES;
				COPY_PHASE_STRIP = NO;
				DEBUG_INFORMATION_FORMAT = dwarf;
				ENABLE_STRICT_OBJC_MSGSEND = YES;
				ENABLE_TESTABILITY = YES;
				GCC_C_LANGUAGE_STANDARD = gnu11;
				GCC_DYNAMIC_NO_PIC = NO;
				GCC_NO_COMMON_BLOCKS = YES;
				GCC_OPTIMIZATION_LEVEL = 0;
				GCC_PREPROCESSOR_DEFINITIONS = (
					"DEBUG=1",
					"$(inherited)",
				);
				GCC_WARN_64_TO_32_BIT_CONVERSION = YES;
				GCC_WARN_ABOUT_RETURN_TYPE = YES_ERROR;
				GCC_WARN_UNDECLARED_SELECTOR = YES;
				GCC_WARN_UNINITIALIZED_AUTOS = YES_AGGRESSIVE;
				GCC_WARN_UNUSED_FUNCTION = YES;
				GCC_WARN_UNUSED_VARIABLE = YES;
				IPHONEOS_DEPLOYMENT_TARGET = 13.5;
				MTL_ENABLE_DEBUG_INFO = INCLUDE_SOURCE;
				MTL_FAST_MATH = YES;
				ONLY_ACTIVE_ARCH = YES;
				SDKROOT = iphoneos;
				SWIFT_ACTIVE_COMPILATION_CONDITIONS = DEBUG;
				SWIFT_OPTIMIZATION_LEVEL = "-Onone";
			};
			name = Debug;
		};
		D3C8889C24AC6CAE0090EADD /* Release */ = {
			isa = XCBuildConfiguration;
			buildSettings = {
				ALWAYS_SEARCH_USER_PATHS = NO;
				CLANG_ANALYZER_NONNULL = YES;
				CLANG_ANALYZER_NUMBER_OBJECT_CONVERSION = YES_AGGRESSIVE;
				CLANG_CXX_LANGUAGE_STANDARD = "gnu++14";
				CLANG_CXX_LIBRARY = "libc++";
				CLANG_ENABLE_MODULES = YES;
				CLANG_ENABLE_OBJC_ARC = YES;
				CLANG_ENABLE_OBJC_WEAK = YES;
				CLANG_WARN_BLOCK_CAPTURE_AUTORELEASING = YES;
				CLANG_WARN_BOOL_CONVERSION = YES;
				CLANG_WARN_COMMA = YES;
				CLANG_WARN_CONSTANT_CONVERSION = YES;
				CLANG_WARN_DEPRECATED_OBJC_IMPLEMENTATIONS = YES;
				CLANG_WARN_DIRECT_OBJC_ISA_USAGE = YES_ERROR;
				CLANG_WARN_DOCUMENTATION_COMMENTS = YES;
				CLANG_WARN_EMPTY_BODY = YES;
				CLANG_WARN_ENUM_CONVERSION = YES;
				CLANG_WARN_INFINITE_RECURSION = YES;
				CLANG_WARN_INT_CONVERSION = YES;
				CLANG_WARN_NON_LITERAL_NULL_CONVERSION = YES;
				CLANG_WARN_OBJC_IMPLICIT_RETAIN_SELF = YES;
				CLANG_WARN_OBJC_LITERAL_CONVERSION = YES;
				CLANG_WARN_OBJC_ROOT_CLASS = YES_ERROR;
				CLANG_WARN_RANGE_LOOP_ANALYSIS = YES;
				CLANG_WARN_STRICT_PROTOTYPES = YES;
				CLANG_WARN_SUSPICIOUS_MOVE = YES;
				CLANG_WARN_UNGUARDED_AVAILABILITY = YES_AGGRESSIVE;
				CLANG_WARN_UNREACHABLE_CODE = YES;
				CLANG_WARN__DUPLICATE_METHOD_MATCH = YES;
				COPY_PHASE_STRIP = NO;
				DEBUG_INFORMATION_FORMAT = "dwarf-with-dsym";
				ENABLE_NS_ASSERTIONS = NO;
				ENABLE_STRICT_OBJC_MSGSEND = YES;
				GCC_C_LANGUAGE_STANDARD = gnu11;
				GCC_NO_COMMON_BLOCKS = YES;
				GCC_WARN_64_TO_32_BIT_CONVERSION = YES;
				GCC_WARN_ABOUT_RETURN_TYPE = YES_ERROR;
				GCC_WARN_UNDECLARED_SELECTOR = YES;
				GCC_WARN_UNINITIALIZED_AUTOS = YES_AGGRESSIVE;
				GCC_WARN_UNUSED_FUNCTION = YES;
				GCC_WARN_UNUSED_VARIABLE = YES;
				IPHONEOS_DEPLOYMENT_TARGET = 13.5;
				MTL_ENABLE_DEBUG_INFO = NO;
				MTL_FAST_MATH = YES;
				SDKROOT = iphoneos;
				SWIFT_COMPILATION_MODE = wholemodule;
				SWIFT_OPTIMIZATION_LEVEL = "-O";
				VALIDATE_PRODUCT = YES;
			};
			name = Release;
		};
		D3C8889E24AC6CAE0090EADD /* Debug */ = {
			isa = XCBuildConfiguration;
			baseConfigurationReference = D83C3F010C5AFAE2A5A3F9D7 /* Pods-RxSearchGithub.debug.xcconfig */;
			buildSettings = {
				ASSETCATALOG_COMPILER_APPICON_NAME = AppIcon;
				CODE_SIGN_STYLE = Automatic;
				DEVELOPMENT_TEAM = UW7Y2DJ8R6;
				INFOPLIST_FILE = RxSearchGithub/Info.plist;
				LD_RUNPATH_SEARCH_PATHS = (
					"$(inherited)",
					"@executable_path/Frameworks",
				);
				PRODUCT_BUNDLE_IDENTIFIER = com.sangbeom.RxSearchGithub;
				PRODUCT_NAME = "$(TARGET_NAME)";
				SWIFT_VERSION = 5.0;
				TARGETED_DEVICE_FAMILY = "1,2";
			};
			name = Debug;
		};
		D3C8889F24AC6CAE0090EADD /* Release */ = {
			isa = XCBuildConfiguration;
			baseConfigurationReference = 3271A9AD443C5C29F2F812F8 /* Pods-RxSearchGithub.release.xcconfig */;
			buildSettings = {
				ASSETCATALOG_COMPILER_APPICON_NAME = AppIcon;
				CODE_SIGN_STYLE = Automatic;
				DEVELOPMENT_TEAM = UW7Y2DJ8R6;
				INFOPLIST_FILE = RxSearchGithub/Info.plist;
				LD_RUNPATH_SEARCH_PATHS = (
					"$(inherited)",
					"@executable_path/Frameworks",
				);
				PRODUCT_BUNDLE_IDENTIFIER = com.sangbeom.RxSearchGithub;
				PRODUCT_NAME = "$(TARGET_NAME)";
				SWIFT_VERSION = 5.0;
				TARGETED_DEVICE_FAMILY = "1,2";
			};
			name = Release;
		};
/* End XCBuildConfiguration section */

/* Begin XCConfigurationList section */
		D3C8888424AC6CAC0090EADD /* Build configuration list for PBXProject "RxSearchGithub" */ = {
			isa = XCConfigurationList;
			buildConfigurations = (
				D3C8889B24AC6CAE0090EADD /* Debug */,
				D3C8889C24AC6CAE0090EADD /* Release */,
			);
			defaultConfigurationIsVisible = 0;
			defaultConfigurationName = Release;
		};
		D3C8889D24AC6CAE0090EADD /* Build configuration list for PBXNativeTarget "RxSearchGithub" */ = {
			isa = XCConfigurationList;
			buildConfigurations = (
				D3C8889E24AC6CAE0090EADD /* Debug */,
				D3C8889F24AC6CAE0090EADD /* Release */,
			);
			defaultConfigurationIsVisible = 0;
			defaultConfigurationName = Release;
		};
/* End XCConfigurationList section */
	};
	rootObject = D3C8888124AC6CAC0090EADD /* Project object */;
}
